
Microsoft Visual Studio Solution File, Format Version 12.00
# Visual Studio 14
VisualStudioVersion = 14.0.23107.0
MinimumVisualStudioVersion = 10.0.40219.1
Project("{8BC9CEB8-8B4A-11D0-8D11-00A0C91BC942}") = "Core", "Core\Core.vcxproj", "{336563C4-02A6-4AA7-A378-4BF32FC4AAC7}"
EndProject
Project("{8BC9CEB8-8B4A-11D0-8D11-00A0C91BC942}") = "Skylark", "Skylark\Skylark.vcxproj", "{E6EF0948-074F-444F-A2DC-C71E960CE561}"
EndProject
Global
	GlobalSection(SolutionConfigurationPlatforms) = preSolution
		Debug|x64 = Debug|x64
		Debug|x86 = Debug|x86
		Release|x64 = Release|x64
		Release|x86 = Release|x86
	EndGlobalSection
	GlobalSection(ProjectConfigurationPlatforms) = postSolution
		{336563C4-02A6-4AA7-A378-4BF32FC4AAC7}.Debug|x64.ActiveCfg = Debug|x64
		{336563C4-02A6-4AA7-A378-4BF32FC4AAC7}.Debug|x64.Build.0 = Debug|x64
		{336563C4-02A6-4AA7-A378-4BF32FC4AAC7}.Debug|x86.ActiveCfg = Debug|Win32
		{336563C4-02A6-4AA7-A378-4BF32FC4AAC7}.Debug|x86.Build.0 = Debug|Win32
		{336563C4-02A6-4AA7-A378-4BF32FC4AAC7}.Release|x64.ActiveCfg = Release|x64
		{336563C4-02A6-4AA7-A378-4BF32FC4AAC7}.Release|x64.Build.0 = Release|x64
		{336563C4-02A6-4AA7-A378-4BF32FC4AAC7}.Release|x86.ActiveCfg = Release|Win32
		{336563C4-02A6-4AA7-A378-4BF32FC4AAC7}.Release|x86.Build.0 = Release|Win32
		{E6EF0948-074F-444F-A2DC-C71E960CE561}.Debug|x64.ActiveCfg = Debug|x64
		{E6EF0948-074F-444F-A2DC-C71E960CE561}.Debug|x64.Build.0 = Debug|x64
		{E6EF0948-074F-444F-A2DC-C71E960CE561}.Debug|x86.ActiveCfg = Debug|Win32
		{E6EF0948-074F-444F-A2DC-C71E960CE561}.Debug|x86.Build.0 = Debug|Win32
		{E6EF0948-074F-444F-A2DC-C71E960CE561}.Release|x64.ActiveCfg = Release|x64
		{E6EF0948-074F-444F-A2DC-C71E960CE561}.Release|x64.Build.0 = Release|x64
		{E6EF0948-074F-444F-A2DC-C71E960CE561}.Release|x86.ActiveCfg = Release|Win32
		{E6EF0948-074F-444F-A2DC-C71E960CE561}.Release|x86.Build.0 = Release|Win32
	EndGlobalSection
	GlobalSection(SolutionProperties) = preSolution
		HideSolutionNode = FALSE
	EndGlobalSection
EndGlobal
