<?xml version="1.0" encoding="utf-8"?>
<Project ToolsVersion="4.0" xmlns="http://schemas.microsoft.com/developer/msbuild/2003">
  <ItemGroup>
    <Filter Include="소스 파일">
      <UniqueIdentifier>{4FC737F1-C7A5-4376-A066-2A32D752A2FF}</UniqueIdentifier>
      <Extensions>cpp;c;cc;cxx;def;odl;idl;hpj;bat;asm;asmx</Extensions>
    </Filter>
    <Filter Include="헤더 파일">
      <UniqueIdentifier>{93995380-89BD-4b04-88EB-625FBE52EBFB}</UniqueIdentifier>
      <Extensions>h;hh;hpp;hxx;hm;inl;inc;xsd</Extensions>
    </Filter>
    <Filter Include="리소스 파일">
      <UniqueIdentifier>{67DA6AB6-F800-4c08-8B7A-83BB121AAD01}</UniqueIdentifier>
      <Extensions>rc;ico;cur;bmp;dlg;rc2;rct;bin;rgs;gif;jpg;jpeg;jpe;resx;tiff;tif;png;wav;mfcribbon-ms</Extensions>
    </Filter>
    <Filter Include="소스 파일\thread">
      <UniqueIdentifier>{9a9ad1c3-a2b1-49fd-9c57-01036d9c4e0b}</UniqueIdentifier>
    </Filter>
    <Filter Include="소스 파일\util">
      <UniqueIdentifier>{a5533315-e0dd-4748-8efd-01004aa9b68f}</UniqueIdentifier>
    </Filter>
    <Filter Include="소스 파일\exception">
      <UniqueIdentifier>{57b4ab05-bfc3-4245-9656-139f4d84b586}</UniqueIdentifier>
    </Filter>
    <Filter Include="소스 파일\network">
      <UniqueIdentifier>{6855e2c1-3791-4e7c-a225-3186feb58908}</UniqueIdentifier>
    </Filter>
  </ItemGroup>
  <ItemGroup>
    <Text Include="ReadMe.txt" />
  </ItemGroup>
  <ItemGroup>
    <ClInclude Include="stdafx.h">
      <Filter>헤더 파일</Filter>
    </ClInclude>
    <ClInclude Include="targetver.h">
      <Filter>헤더 파일</Filter>
    </ClInclude>
    <ClInclude Include="Thread.h">
      <Filter>소스 파일\thread</Filter>
    </ClInclude>
    <ClInclude Include="LockOrderChecker.h">
      <Filter>소스 파일\util</Filter>
    </ClInclude>
    <ClInclude Include="Lock.h">
      <Filter>소스 파일\util</Filter>
    </ClInclude>
    <ClInclude Include="Exception.h">
      <Filter>소스 파일\exception</Filter>
    </ClInclude>
    <ClInclude Include="CircularBuffer.h">
      <Filter>소스 파일\util</Filter>
    </ClInclude>
    <ClInclude Include="Context.h">
      <Filter>소스 파일\util</Filter>
    </ClInclude>
    <ClInclude Include="Socket.h">
      <Filter>소스 파일\network</Filter>
    </ClInclude>
    <ClInclude Include="CompletionPort.h">
      <Filter>소스 파일\thread</Filter>
    </ClInclude>
    <ClInclude Include="ObjectPool.h">
      <Filter>소스 파일\util</Filter>
    </ClInclude>
    <ClInclude Include="core.h">
      <Filter>헤더 파일</Filter>
    </ClInclude>
  </ItemGroup>
  <ItemGroup>
    <ClCompile Include="stdafx.cpp">
      <Filter>소스 파일</Filter>
    </ClCompile>
    <ClCompile Include="Thread.cpp">
      <Filter>소스 파일\thread</Filter>
    </ClCompile>
    <ClCompile Include="LockOrderChecker.cpp">
      <Filter>소스 파일\util</Filter>
    </ClCompile>
    <ClCompile Include="Lock.cpp">
      <Filter>소스 파일\util</Filter>
    </ClCompile>
    <ClCompile Include="Exception.cpp">
      <Filter>소스 파일\exception</Filter>
    </ClCompile>
    <ClCompile Include="CircularBuffer.cpp">
      <Filter>소스 파일\util</Filter>
    </ClCompile>
    <ClCompile Include="Context.cpp">
      <Filter>소스 파일\util</Filter>
    </ClCompile>
    <ClCompile Include="Socket.cpp">
      <Filter>소스 파일\network</Filter>
    </ClCompile>
    <ClCompile Include="CompletionPort.cpp">
      <Filter>소스 파일\thread</Filter>
    </ClCompile>
  </ItemGroup>
</Project>