<?xml version="1.0" encoding="utf-8"?>
<Project ToolsVersion="4.0" xmlns="http://schemas.microsoft.com/developer/msbuild/2003">
  <ItemGroup>
    <Filter Include="소스 파일">
      <UniqueIdentifier>{4FC737F1-C7A5-4376-A066-2A32D752A2FF}</UniqueIdentifier>
      <Extensions>cpp;c;cc;cxx;def;odl;idl;hpj;bat;asm;asmx</Extensions>
    </Filter>
    <Filter Include="리소스 파일">
      <UniqueIdentifier>{67DA6AB6-F800-4c08-8B7A-83BB121AAD01}</UniqueIdentifier>
      <Extensions>rc;ico;cur;bmp;dlg;rc2;rct;bin;rgs;gif;jpg;jpeg;jpe;resx;tiff;tif;png;wav;mfcribbon-ms</Extensions>
    </Filter>
    <Filter Include="소스 파일\pch">
      <UniqueIdentifier>{29778570-f6da-4d17-8c25-ec42824870e7}</UniqueIdentifier>
    </Filter>
    <Filter Include="소스 파일\utility">
      <UniqueIdentifier>{2ff88e07-89a4-42c5-95b2-fc56ba08244f}</UniqueIdentifier>
    </Filter>
    <Filter Include="소스 파일\network">
      <UniqueIdentifier>{1ffe16e4-0095-4662-a170-4c6c634ea2cf}</UniqueIdentifier>
    </Filter>
    <Filter Include="소스 파일\base">
      <UniqueIdentifier>{9c152e1c-4101-4bba-9cc7-5957207c17b0}</UniqueIdentifier>
    </Filter>
    <Filter Include="소스 파일\thread">
      <UniqueIdentifier>{8f05a5b4-a30b-4bcd-ab25-3024df08a278}</UniqueIdentifier>
    </Filter>
    <Filter Include="소스 파일\global">
      <UniqueIdentifier>{ed108aa7-22d4-4f5c-845b-b553189fe89e}</UniqueIdentifier>
    </Filter>
    <Filter Include="소스 파일\global\manager">
      <UniqueIdentifier>{a799fb3d-b4c8-4b30-b975-9218dbcb95f6}</UniqueIdentifier>
    </Filter>
    <Filter Include="소스 파일\memory">
      <UniqueIdentifier>{a0ae0e53-1c72-4cbe-a97a-2b90a6793aaa}</UniqueIdentifier>
    </Filter>
    <Filter Include="소스 파일\timer">
      <UniqueIdentifier>{924d6bd7-c4bd-4a28-8520-4f8d97904b78}</UniqueIdentifier>
    </Filter>
    <Filter Include="소스 파일\network\packet">
      <UniqueIdentifier>{43619b40-818b-4410-a96d-e2bb60a75bf5}</UniqueIdentifier>
    </Filter>
    <Filter Include="소스 파일\network\session">
      <UniqueIdentifier>{178cdc8c-e47c-42f0-8325-720ac2d789ac}</UniqueIdentifier>
    </Filter>
  </ItemGroup>
  <ItemGroup>
    <Text Include="ReadMe.txt" />
  </ItemGroup>
  <ItemGroup>
    <ClInclude Include="stdafx.h">
      <Filter>소스 파일\pch</Filter>
    </ClInclude>
    <ClInclude Include="targetver.h">
      <Filter>소스 파일\pch</Filter>
    </ClInclude>
    <ClInclude Include="Skylark.h">
      <Filter>소스 파일</Filter>
    </ClInclude>
    <ClInclude Include="Application.h">
      <Filter>소스 파일\base</Filter>
    </ClInclude>
    <ClInclude Include="Socket.h">
      <Filter>소스 파일\network</Filter>
    </ClInclude>
    <ClInclude Include="Lock.h">
      <Filter>소스 파일\utility</Filter>
    </ClInclude>
    <ClInclude Include="LockOrderChecker.h">
      <Filter>소스 파일\utility</Filter>
    </ClInclude>
    <ClInclude Include="ThreadLocal.h">
      <Filter>소스 파일\thread</Filter>
    </ClInclude>
    <ClInclude Include="Exception.h">
      <Filter>소스 파일\utility</Filter>
    </ClInclude>
    <ClInclude Include="CircularBuffer.h">
      <Filter>소스 파일\utility</Filter>
    </ClInclude>
    <ClInclude Include="Context.h">
      <Filter>소스 파일\network</Filter>
    </ClInclude>
    <ClInclude Include="IOThread.h">
      <Filter>소스 파일\thread</Filter>
    </ClInclude>
    <ClInclude Include="CompletionPort.h">
      <Filter>소스 파일\network</Filter>
    </ClInclude>
    <ClInclude Include="MemoryPool.h">
      <Filter>소스 파일\memory</Filter>
    </ClInclude>
    <ClInclude Include="ObjectPool.h">
      <Filter>소스 파일\memory</Filter>
    </ClInclude>
    <ClInclude Include="Session.h">
      <Filter>소스 파일\network\session</Filter>
    </ClInclude>
    <ClInclude Include="SyncExecutable.h">
      <Filter>소스 파일\timer</Filter>
    </ClInclude>
    <ClInclude Include="Timer.h">
      <Filter>소스 파일\timer</Filter>
    </ClInclude>
    <ClInclude Include="XTL.h">
      <Filter>소스 파일\utility</Filter>
    </ClInclude>
    <ClInclude Include="MPL.h">
      <Filter>소스 파일\utility</Filter>
    </ClInclude>
    <ClInclude Include="PacketHandler.h">
      <Filter>소스 파일\network\packet</Filter>
    </ClInclude>
  </ItemGroup>
  <ItemGroup>
    <ClCompile Include="stdafx.cpp">
      <Filter>소스 파일\pch</Filter>
    </ClCompile>
    <ClCompile Include="Application.cpp">
      <Filter>소스 파일\base</Filter>
    </ClCompile>
    <ClCompile Include="Socket.cpp">
      <Filter>소스 파일\network</Filter>
    </ClCompile>
    <ClCompile Include="Lock.cpp">
      <Filter>소스 파일\utility</Filter>
    </ClCompile>
    <ClCompile Include="LockOrderChecker.cpp">
      <Filter>소스 파일\utility</Filter>
    </ClCompile>
    <ClCompile Include="ThreadLocal.cpp">
      <Filter>소스 파일\thread</Filter>
    </ClCompile>
    <ClCompile Include="Exception.cpp">
      <Filter>소스 파일\utility</Filter>
    </ClCompile>
    <ClCompile Include="CircularBuffer.cpp">
      <Filter>소스 파일\utility</Filter>
    </ClCompile>
    <ClCompile Include="Context.cpp">
      <Filter>소스 파일\network</Filter>
    </ClCompile>
    <ClCompile Include="IOThread.cpp">
      <Filter>소스 파일\thread</Filter>
    </ClCompile>
    <ClCompile Include="CompletionPort.cpp">
      <Filter>소스 파일\network</Filter>
    </ClCompile>
    <ClCompile Include="MemoryPool.cpp">
      <Filter>소스 파일\memory</Filter>
    </ClCompile>
    <ClCompile Include="Session.cpp">
      <Filter>소스 파일\network\session</Filter>
    </ClCompile>
    <ClCompile Include="Timer.cpp">
      <Filter>소스 파일\timer</Filter>
    </ClCompile>
  </ItemGroup>
</Project>