<?xml version="1.0" encoding="utf-8"?>
<Project ToolsVersion="4.0" xmlns="http://schemas.microsoft.com/developer/msbuild/2003">
  <ItemGroup>
    <Filter Include="소스 파일">
      <UniqueIdentifier>{4FC737F1-C7A5-4376-A066-2A32D752A2FF}</UniqueIdentifier>
      <Extensions>cpp;c;cc;cxx;def;odl;idl;hpj;bat;asm;asmx</Extensions>
    </Filter>
    <Filter Include="리소스 파일">
      <UniqueIdentifier>{67DA6AB6-F800-4c08-8B7A-83BB121AAD01}</UniqueIdentifier>
      <Extensions>rc;ico;cur;bmp;dlg;rc2;rct;bin;rgs;gif;jpg;jpeg;jpe;resx;tiff;tif;png;wav;mfcribbon-ms</Extensions>
    </Filter>
    <Filter Include="소스 파일\pch">
      <UniqueIdentifier>{29778570-f6da-4d17-8c25-ec42824870e7}</UniqueIdentifier>
    </Filter>
    <Filter Include="소스 파일\utility">
      <UniqueIdentifier>{2ff88e07-89a4-42c5-95b2-fc56ba08244f}</UniqueIdentifier>
    </Filter>
    <Filter Include="소스 파일\network">
      <UniqueIdentifier>{1ffe16e4-0095-4662-a170-4c6c634ea2cf}</UniqueIdentifier>
    </Filter>
    <Filter Include="소스 파일\base">
      <UniqueIdentifier>{9c152e1c-4101-4bba-9cc7-5957207c17b0}</UniqueIdentifier>
    </Filter>
  </ItemGroup>
  <ItemGroup>
    <Text Include="ReadMe.txt" />
  </ItemGroup>
  <ItemGroup>
    <ClInclude Include="stdafx.h">
      <Filter>소스 파일\pch</Filter>
    </ClInclude>
    <ClInclude Include="targetver.h">
      <Filter>소스 파일\pch</Filter>
    </ClInclude>
    <ClInclude Include="Skylark.h">
      <Filter>소스 파일</Filter>
    </ClInclude>
    <ClInclude Include="Application.h">
      <Filter>소스 파일\base</Filter>
    </ClInclude>
    <ClInclude Include="Socket.h">
      <Filter>소스 파일\network</Filter>
    </ClInclude>
  </ItemGroup>
  <ItemGroup>
    <ClCompile Include="stdafx.cpp">
      <Filter>소스 파일\pch</Filter>
    </ClCompile>
    <ClCompile Include="Application.cpp">
      <Filter>소스 파일\base</Filter>
    </ClCompile>
    <ClCompile Include="Socket.cpp">
      <Filter>소스 파일\network</Filter>
    </ClCompile>
  </ItemGroup>
</Project>