<?xml version="1.0" encoding="utf-8"?>
<Project ToolsVersion="4.0" xmlns="http://schemas.microsoft.com/developer/msbuild/2003">
  <ItemGroup>
    <Filter Include="소스 파일">
      <UniqueIdentifier>{4FC737F1-C7A5-4376-A066-2A32D752A2FF}</UniqueIdentifier>
      <Extensions>cpp;c;cc;cxx;def;odl;idl;hpj;bat;asm;asmx</Extensions>
    </Filter>
    <Filter Include="헤더 파일">
      <UniqueIdentifier>{93995380-89BD-4b04-88EB-625FBE52EBFB}</UniqueIdentifier>
      <Extensions>h;hh;hpp;hxx;hm;inl;inc;xsd</Extensions>
    </Filter>
    <Filter Include="리소스 파일">
      <UniqueIdentifier>{67DA6AB6-F800-4c08-8B7A-83BB121AAD01}</UniqueIdentifier>
      <Extensions>rc;ico;cur;bmp;dlg;rc2;rct;bin;rgs;gif;jpg;jpeg;jpe;resx;tiff;tif;png;wav;mfcribbon-ms</Extensions>
    </Filter>
    <Filter Include="소스 파일\Util">
      <UniqueIdentifier>{361e6142-1775-4672-b6a1-d3f2270e8f48}</UniqueIdentifier>
    </Filter>
    <Filter Include="소스 파일\Session">
      <UniqueIdentifier>{2d0eb5d8-e03a-4851-a361-5a1b1a487489}</UniqueIdentifier>
    </Filter>
    <Filter Include="소스 파일\Thread">
      <UniqueIdentifier>{9404699e-8ce9-4dad-adf7-02e6da8f66b6}</UniqueIdentifier>
    </Filter>
    <Filter Include="소스 파일\Packet">
      <UniqueIdentifier>{a411a1e6-a656-42ba-b4b9-d921470b2521}</UniqueIdentifier>
    </Filter>
    <Filter Include="소스 파일\Application">
      <UniqueIdentifier>{af1484ff-b986-43e5-867f-98444a43ee55}</UniqueIdentifier>
    </Filter>
  </ItemGroup>
  <ItemGroup>
    <Text Include="ReadMe.txt" />
  </ItemGroup>
  <ItemGroup>
    <ClInclude Include="stdafx.h">
      <Filter>헤더 파일</Filter>
    </ClInclude>
    <ClInclude Include="targetver.h">
      <Filter>헤더 파일</Filter>
    </ClInclude>
    <ClInclude Include="SpinLock.h">
      <Filter>소스 파일\Util</Filter>
    </ClInclude>
    <ClInclude Include="SessionContext.h">
      <Filter>소스 파일\Util</Filter>
    </ClInclude>
    <ClInclude Include="Session.h">
      <Filter>소스 파일\Session</Filter>
    </ClInclude>
    <ClInclude Include="IoThread.h">
      <Filter>소스 파일\Thread</Filter>
    </ClInclude>
    <ClInclude Include="WorkerThread.h">
      <Filter>소스 파일\Thread</Filter>
    </ClInclude>
    <ClInclude Include="Application.h">
      <Filter>소스 파일\Application</Filter>
    </ClInclude>
    <ClInclude Include="PacketHeader.h">
      <Filter>소스 파일\Packet</Filter>
    </ClInclude>
    <ClInclude Include="TimerThread.h">
      <Filter>소스 파일\Thread</Filter>
    </ClInclude>
    <ClInclude Include="skylark.h">
      <Filter>헤더 파일</Filter>
    </ClInclude>
  </ItemGroup>
  <ItemGroup>
    <ClCompile Include="stdafx.cpp">
      <Filter>소스 파일</Filter>
    </ClCompile>
    <ClCompile Include="SpinLock.cpp">
      <Filter>소스 파일\Util</Filter>
    </ClCompile>
    <ClCompile Include="SessionContext.cpp">
      <Filter>소스 파일\Util</Filter>
    </ClCompile>
    <ClCompile Include="Session.cpp">
      <Filter>소스 파일\Session</Filter>
    </ClCompile>
    <ClCompile Include="IoThread.cpp">
      <Filter>소스 파일\Thread</Filter>
    </ClCompile>
    <ClCompile Include="WorkerThread.cpp">
      <Filter>소스 파일\Thread</Filter>
    </ClCompile>
    <ClCompile Include="Application.cpp">
      <Filter>소스 파일\Application</Filter>
    </ClCompile>
    <ClCompile Include="TimerThread.cpp">
      <Filter>소스 파일\Thread</Filter>
    </ClCompile>
  </ItemGroup>
</Project>